<?xml version="1.0" encoding="utf-8"?>
<Project ToolsVersion="4.0" xmlns="http://schemas.microsoft.com/developer/msbuild/2003">
  <ItemGroup>
    <Filter Include="Source Files">
      <UniqueIdentifier>{4FC737F1-C7A5-4376-A066-2A32D752A2FF}</UniqueIdentifier>
      <Extensions>cpp;c;cc;cxx;def;odl;idl;hpj;bat;asm;asmx</Extensions>
    </Filter>
    <Filter Include="Header Files">
      <UniqueIdentifier>{93995380-89BD-4b04-88EB-625FBE52EBFB}</UniqueIdentifier>
      <Extensions>h;hh;hpp;hxx;hm;inl;inc;xsd</Extensions>
    </Filter>
    <Filter Include="Resource Files">
      <UniqueIdentifier>{D9D6E242-F8AF-46E4-B9FD-80ECBC20BA3E}</UniqueIdentifier>
      <Extensions>qrc;*</Extensions>
      <ParseFiles>false</ParseFiles>
    </Filter>
    <Filter Include="Form Files">
      <UniqueIdentifier>{99349809-55BA-4b9d-BF79-8FDBB0286EB3}</UniqueIdentifier>
      <Extensions>ui</Extensions>
    </Filter>
    <Filter Include="Resource Files">
      <UniqueIdentifier>{D9D6E242-F8AF-46E4-B9FD-80ECBC20BA3E}</UniqueIdentifier>
      <Extensions>qrc;*</Extensions>
      <ParseFiles>false</ParseFiles>
    </Filter>
    <Filter Include="Generated Files">
      <UniqueIdentifier>{71ED8ED8-ACB9-4CE9-BBE1-E00B30144E11}</UniqueIdentifier>
      <Extensions>moc;h;cpp</Extensions>
      <SourceControlFiles>False</SourceControlFiles>
    </Filter>
    <Filter Include="src">
      <UniqueIdentifier>{32981ac2-a4a5-45a4-83b3-79dddb70f821}</UniqueIdentifier>
    </Filter>
    <Filter Include="src\GraphicsItem">
      <UniqueIdentifier>{b2d6b85b-c019-4622-9569-cbae1afd5372}</UniqueIdentifier>
    </Filter>
    <Filter Include="src\GraphicView">
      <UniqueIdentifier>{7e78c35d-9255-421b-ae47-6e206df1f3b6}</UniqueIdentifier>
    </Filter>
    <Filter Include="src\ToolModel">
      <UniqueIdentifier>{0a5ef651-7279-4ade-9c0e-9b272965b7f5}</UniqueIdentifier>
    </Filter>
    <Filter Include="src\Widgets">
      <UniqueIdentifier>{e2be922e-dce3-472d-81d1-65c5edd33a08}</UniqueIdentifier>
    </Filter>
    <Filter Include="src\Picker">
      <UniqueIdentifier>{89f22c04-84b3-4c90-8fe8-bd4fec784ed8}</UniqueIdentifier>
    </Filter>
    <Filter Include="src\Gadget">
      <UniqueIdentifier>{5146365f-077c-4980-94f3-ddae92b09e38}</UniqueIdentifier>
    </Filter>
    <Filter Include="src\Curve">
      <UniqueIdentifier>{1920fd3d-99c1-4a82-8934-211965e26f14}</UniqueIdentifier>
    </Filter>
    <Filter Include="src\Projet">
      <UniqueIdentifier>{ce179a56-c9e9-4ec7-af3c-588dd7ef44ba}</UniqueIdentifier>
    </Filter>
    <Filter Include="src\Undo">
      <UniqueIdentifier>{9f3391d1-307b-43cc-ab73-44ed4b22ebd0}</UniqueIdentifier>
    </Filter>
    <Filter Include="src\Filter">
      <UniqueIdentifier>{a3deb083-2589-4d60-9381-7090cf562a80}</UniqueIdentifier>
    </Filter>
    <Filter Include="src\Benchmark">
      <UniqueIdentifier>{f313b6d0-6ffa-4f28-b424-ede6961be4f1}</UniqueIdentifier>
    </Filter>
    <Filter Include="src\Blending">
      <UniqueIdentifier>{ececbc47-2f4f-4229-bcd2-1efa6b4b87ea}</UniqueIdentifier>
    </Filter>
    <Filter Include="src\HUD">
      <UniqueIdentifier>{80e97fa5-f441-43fa-9da5-3fac6d6a1a4a}</UniqueIdentifier>
    </Filter>
    <Filter Include="src\Data">
      <UniqueIdentifier>{63e1922f-999d-4fc2-b0ba-1a7ef981303b}</UniqueIdentifier>
    </Filter>
    <Filter Include="src\Image">
      <UniqueIdentifier>{b0c7a1d6-7523-4989-a136-9b7f5c1ce42b}</UniqueIdentifier>
    </Filter>
    <Filter Include="src\ToolModel\Shapes">
      <UniqueIdentifier>{0290776b-e8b5-4a8b-9156-c809ff33b5e9}</UniqueIdentifier>
    </Filter>
    <Filter Include="src\ToolModel\Tools">
      <UniqueIdentifier>{e2861c69-95b1-4b42-9f3c-f446b1b3d67f}</UniqueIdentifier>
    </Filter>
    <Filter Include="src\GPU">
      <UniqueIdentifier>{b738d8bd-a6c9-4a6b-a0c8-3d8b325060b5}</UniqueIdentifier>
    </Filter>
    <Filter Include="src\Thread">
      <UniqueIdentifier>{ffdd7c2a-df1b-461f-8362-447c81d153a8}</UniqueIdentifier>
    </Filter>
  </ItemGroup>
  <ItemGroup>
    <ClCompile Include="main.cpp">
      <Filter>Source Files</Filter>
    </ClCompile>
    <ClCompile Include="cMainWindow.cpp">
      <Filter>Source Files</Filter>
    </ClCompile>
    <ClCompile Include="src\cCustomGraphicsView.cpp">
      <Filter>src\GraphicView</Filter>
    </ClCompile>
    <ClCompile Include="src\cAddItem.cpp">
      <Filter>src\GraphicsItem</Filter>
    </ClCompile>
    <ClCompile Include="src\cCurrentFrameItem.cpp">
      <Filter>src\GraphicsItem</Filter>
    </ClCompile>
    <ClCompile Include="src\cGraphicItem.cpp">
      <Filter>src\GraphicsItem</Filter>
    </ClCompile>
    <ClCompile Include="src\Canvas.cpp">
      <Filter>src\GraphicView</Filter>
    </ClCompile>
    <ClCompile Include="src\EditableItem.cpp">
      <Filter>src\GraphicsItem</Filter>
    </ClCompile>
    <ClCompile Include="ColorSwatch.cpp">
      <Filter>src\Widgets</Filter>
    </ClCompile>
    <ClCompile Include="src\cGridItem.cpp">
      <Filter>src\GraphicsItem</Filter>
    </ClCompile>
    <ClCompile Include="colorPickerDialog.cpp">
      <Filter>src\Picker</Filter>
    </ClCompile>
    <ClCompile Include="colorPicker.cpp">
      <Filter>src\Picker</Filter>
    </ClCompile>
    <ClCompile Include="powerslider.cpp">
      <Filter>Source Files</Filter>
    </ClCompile>
    <ClCompile Include="src\CurveBase.cpp">
      <Filter>src\Curve</Filter>
    </ClCompile>
    <ClCompile Include="src\Clip.cpp">
      <Filter>src\Projet</Filter>
    </ClCompile>
    <ClCompile Include="src\cLayer.cpp">
      <Filter>src\Projet</Filter>
    </ClCompile>
    <ClCompile Include="src\Undoable.cpp">
      <Filter>src\Undo</Filter>
    </ClCompile>
    <ClCompile Include="cSelection.cpp">
      <Filter>src\Projet</Filter>
    </ClCompile>
    <ClCompile Include="cConvolution.cpp">
      <Filter>src\Filter</Filter>
    </ClCompile>
    <ClCompile Include="cHUDItem.cpp">
      <Filter>src\GraphicsItem</Filter>
    </ClCompile>
    <ClCompile Include="BenchmarkStuff.cpp">
      <Filter>src\Benchmark</Filter>
    </ClCompile>
    <ClCompile Include="cHUDView.cpp">
      <Filter>src\HUD</Filter>
    </ClCompile>
    <ClCompile Include="cHUDObject.cpp">
      <Filter>src\HUD</Filter>
    </ClCompile>
    <ClCompile Include="cHUDHandle.cpp">
      <Filter>src\HUD</Filter>
    </ClCompile>
    <ClCompile Include="cHUDTransform.cpp">
      <Filter>src\HUD</Filter>
    </ClCompile>
    <ClCompile Include="cBaseData.cpp">
      <Filter>src\Data</Filter>
    </ClCompile>
    <ClCompile Include="cToolSelectionTest.cpp">
      <Filter>src\ToolModel\Tools</Filter>
    </ClCompile>
    <ClCompile Include="PaintToolBase.cpp">
      <Filter>src\ToolModel\Tools</Filter>
    </ClCompile>
    <ClCompile Include="ToolBase.cpp">
      <Filter>src\ToolModel\Tools</Filter>
    </ClCompile>
    <ClCompile Include="Rectangle.cpp">
      <Filter>src\ToolModel\Shapes</Filter>
    </ClCompile>
    <ClCompile Include="ShapeBase.cpp">
      <Filter>src\ToolModel\Shapes</Filter>
    </ClCompile>
    <ClCompile Include="cHUDShapeTool.cpp">
      <Filter>src\HUD</Filter>
    </ClCompile>
    <ClCompile Include="GPUController.cpp">
      <Filter>src\GPU</Filter>
    </ClCompile>
    <ClCompile Include="GPUForThisApp.cpp">
      <Filter>src\GPU</Filter>
    </ClCompile>
    <ClCompile Include="src\ToolSimpleBrush.cpp">
      <Filter>src\ToolModel\Tools</Filter>
    </ClCompile>
    <ClCompile Include="Thread.cpp">
      <Filter>src\Thread</Filter>
    </ClCompile>
    <ClCompile Include="ThreadMachine.cpp">
      <Filter>src\Thread</Filter>
    </ClCompile>
    <ClCompile Include="ToolPencil.cpp">
      <Filter>src\ToolModel\Tools</Filter>
    </ClCompile>
    <ClCompile Include="ToolSmudge.cpp">
      <Filter>src\ToolModel\Tools</Filter>
    </ClCompile>
  </ItemGroup>
  <ItemGroup>
    <QtMoc Include="cMainWindow.h">
      <Filter>Header Files</Filter>
    </QtMoc>
    <QtMoc Include="src\cCustomGraphicsView.h">
      <Filter>src\GraphicView</Filter>
    </QtMoc>
    <QtMoc Include="src\Canvas.h">
      <Filter>src\GraphicView</Filter>
    </QtMoc>
    <QtMoc Include="ColorSwatch.h">
      <Filter>src\Widgets</Filter>
    </QtMoc>
    <QtMoc Include="colorPicker.h">
      <Filter>src\Picker</Filter>
    </QtMoc>
    <QtMoc Include="powerslider.h">
      <Filter>Header Files</Filter>
    </QtMoc>
    <QtMoc Include="cHUDView.h">
      <Filter>src\HUD</Filter>
    </QtMoc>
    <QtMoc Include="cToolSelectionTest.h">
      <Filter>src\ToolModel\Tools</Filter>
    </QtMoc>
    <QtMoc Include="PaintToolBase.h">
      <Filter>src\ToolModel\Tools</Filter>
    </QtMoc>
    <QtMoc Include="ToolBase.h">
      <Filter>src\ToolModel\Tools</Filter>
    </QtMoc>
    <QtMoc Include="src\ToolSimpleBrush.h">
      <Filter>src\ToolModel\Tools</Filter>
    </QtMoc>
    <QtMoc Include="Rectangle.h">
      <Filter>src\ToolModel\Shapes</Filter>
    </QtMoc>
    <QtMoc Include="ToolPencil.h">
      <Filter>src\ToolModel\Tools</Filter>
    </QtMoc>
    <QtMoc Include="ToolSmudge.h">
      <Filter>src\ToolModel\Tools</Filter>
    </QtMoc>
  </ItemGroup>
  <ItemGroup>
    <QtRcc Include="cMainWindow.qrc">
      <Filter>Resource Files</Filter>
    </QtRcc>
  </ItemGroup>
  <ItemGroup>
    <ClInclude Include="src\cAddItem.h">
      <Filter>src\GraphicsItem</Filter>
    </ClInclude>
    <ClInclude Include="src\cCurrentFrameItem.h">
      <Filter>src\GraphicsItem</Filter>
    </ClInclude>
    <ClInclude Include="src\cGraphicItem.h">
      <Filter>src\GraphicsItem</Filter>
    </ClInclude>
    <ClInclude Include="src\EditableItem.h">
      <Filter>src\GraphicsItem</Filter>
    </ClInclude>
    <ClInclude Include="src\cGridItem.h">
      <Filter>src\GraphicsItem</Filter>
    </ClInclude>
    <ClInclude Include="colorPickerDialog.h">
      <Filter>src\Picker</Filter>
    </ClInclude>
    <ClInclude Include="src\CurveBase.h">
      <Filter>src\Curve</Filter>
    </ClInclude>
    <ClInclude Include="src\CurveTests.h">
      <Filter>src\Curve</Filter>
    </ClInclude>
    <ClInclude Include="src\Clip.h">
      <Filter>src\Projet</Filter>
    </ClInclude>
    <ClInclude Include="src\cLayer.h">
      <Filter>src\Projet</Filter>
    </ClInclude>
    <ClInclude Include="src\Undoable.h">
      <Filter>src\Undo</Filter>
    </ClInclude>
    <ClInclude Include="cSelection.h">
      <Filter>src\Projet</Filter>
    </ClInclude>
    <ClInclude Include="cConvolution.h">
      <Filter>src\Filter</Filter>
    </ClInclude>
    <ClInclude Include="cHUDItem.h">
      <Filter>src\GraphicsItem</Filter>
    </ClInclude>
    <ClInclude Include="BenchmarkStuff.h">
      <Filter>src\Benchmark</Filter>
    </ClInclude>
    <ClInclude Include="Math.Fast.h">
      <Filter>src</Filter>
    </ClInclude>
    <ClInclude Include="Blending.h">
      <Filter>src\Blending</Filter>
    </ClInclude>
    <ClInclude Include="cHUDObject.h">
      <Filter>src\HUD</Filter>
    </ClInclude>
    <ClInclude Include="cHUDHandle.h">
      <Filter>src\HUD</Filter>
    </ClInclude>
    <ClInclude Include="cHUDTransform.h">
      <Filter>src\HUD</Filter>
    </ClInclude>
    <ClInclude Include="cBaseData.h">
      <Filter>src\Data</Filter>
    </ClInclude>
    <ClInclude Include="Image.Utilities.h">
      <Filter>src\Image</Filter>
    </ClInclude>
    <ClInclude Include="ShapeBase.h">
      <Filter>src\ToolModel\Shapes</Filter>
    </ClInclude>
    <ClInclude Include="cHUDShapeTool.h">
      <Filter>src\HUD</Filter>
    </ClInclude>
    <ClInclude Include="GPUController.h">
      <Filter>src\GPU</Filter>
    </ClInclude>
    <ClInclude Include="GPUForThisApp.h">
      <Filter>src\GPU</Filter>
    </ClInclude>
    <ClInclude Include="Thread.h">
      <Filter>src\Thread</Filter>
    </ClInclude>
    <ClInclude Include="ThreadMachine.h">
      <Filter>src\Thread</Filter>
    </ClInclude>
    <ClInclude Include="Image.UtilitiesMultiThreaded.h">
      <Filter>src\Image</Filter>
    </ClInclude>
  </ItemGroup>
  <ItemGroup>
    <QtUic Include="cMainWindow.ui">
      <Filter>Form Files</Filter>
    </QtUic>
  </ItemGroup>
</Project>